
Microsoft Visual Studio Solution File, Format Version 12.00
# Visual Studio 15
VisualStudioVersion = 15.0.28010.2036
MinimumVisualStudioVersion = 10.0.40219.1
Project("{FAE04EC0-301F-11D3-BF4B-00C04F79EFBC}") = "Bootloader", "VirtualSpaceBoi\Bootloader.csproj", "{66643F22-8E04-463E-AD1A-6782A3E3FC5C}"
	ProjectSection(ProjectDependencies) = postProject
		{FEE09D4E-2624-4452-A59A-5A2EA0B8A0C2} = {FEE09D4E-2624-4452-A59A-5A2EA0B8A0C2}
	EndProjectSection
EndProject
Project("{FAE04EC0-301F-11D3-BF4B-00C04F79EFBC}") = "Kernel", "Kernel\Kernel.csproj", "{FEE09D4E-2624-4452-A59A-5A2EA0B8A0C2}"
	ProjectSection(ProjectDependencies) = postProject
		{B81D8050-692C-4C98-B9A9-CAE77BDDC7F8} = {B81D8050-692C-4C98-B9A9-CAE77BDDC7F8}
		{BA5348DB-0168-49C4-9C4C-A521BE40FD86} = {BA5348DB-0168-49C4-9C4C-A521BE40FD86}
		{21C086FA-A5B5-4E71-9E85-70975FDE4A7E} = {21C086FA-A5B5-4E71-9E85-70975FDE4A7E}
	EndProjectSection
EndProject
Project("{FAE04EC0-301F-11D3-BF4B-00C04F79EFBC}") = "Contract", "Contract\Contract.csproj", "{036C12AF-8FA1-4068-BD75-6EAA14A560F8}"
EndProject
Project("{FAE04EC0-301F-11D3-BF4B-00C04F79EFBC}") = "TestSysModule", "sysmodules\TestSysModule\TestSysModule.csproj", "{B81D8050-692C-4C98-B9A9-CAE77BDDC7F8}"
EndProject
Project("{FAE04EC0-301F-11D3-BF4B-00C04F79EFBC}") = "TestSysModule2", "sysmodules\TestSysModule2\TestSysModule2.csproj", "{BA5348DB-0168-49C4-9C4C-A521BE40FD86}"
EndProject
Project("{FAE04EC0-301F-11D3-BF4B-00C04F79EFBC}") = "Display", "hardware\Display\Display.csproj", "{21C086FA-A5B5-4E71-9E85-70975FDE4A7E}"
EndProject
Project("{2150E333-8FDC-42A3-9474-1A3956D46DE8}") = "sysmodules", "sysmodules", "{4B5C792D-F130-4014-89A2-C174D90F89D9}"
EndProject
Project("{2150E333-8FDC-42A3-9474-1A3956D46DE8}") = "hardware", "hardware", "{3D5274C4-EA99-41E2-81C0-8859CCFFA77E}"
EndProject
Global
	GlobalSection(SolutionConfigurationPlatforms) = preSolution
		Debug|Any CPU = Debug|Any CPU
		Release|Any CPU = Release|Any CPU
	EndGlobalSection
	GlobalSection(ProjectConfigurationPlatforms) = postSolution
		{66643F22-8E04-463E-AD1A-6782A3E3FC5C}.Debug|Any CPU.ActiveCfg = Debug|Any CPU
		{66643F22-8E04-463E-AD1A-6782A3E3FC5C}.Debug|Any CPU.Build.0 = Debug|Any CPU
		{66643F22-8E04-463E-AD1A-6782A3E3FC5C}.Release|Any CPU.ActiveCfg = Release|Any CPU
		{66643F22-8E04-463E-AD1A-6782A3E3FC5C}.Release|Any CPU.Build.0 = Release|Any CPU
		{FEE09D4E-2624-4452-A59A-5A2EA0B8A0C2}.Debug|Any CPU.ActiveCfg = Debug|Any CPU
		{FEE09D4E-2624-4452-A59A-5A2EA0B8A0C2}.Debug|Any CPU.Build.0 = Debug|Any CPU
		{FEE09D4E-2624-4452-A59A-5A2EA0B8A0C2}.Release|Any CPU.ActiveCfg = Release|Any CPU
		{FEE09D4E-2624-4452-A59A-5A2EA0B8A0C2}.Release|Any CPU.Build.0 = Release|Any CPU
		{036C12AF-8FA1-4068-BD75-6EAA14A560F8}.Debug|Any CPU.ActiveCfg = Debug|Any CPU
		{036C12AF-8FA1-4068-BD75-6EAA14A560F8}.Debug|Any CPU.Build.0 = Debug|Any CPU
		{036C12AF-8FA1-4068-BD75-6EAA14A560F8}.Release|Any CPU.ActiveCfg = Release|Any CPU
		{036C12AF-8FA1-4068-BD75-6EAA14A560F8}.Release|Any CPU.Build.0 = Release|Any CPU
		{B81D8050-692C-4C98-B9A9-CAE77BDDC7F8}.Debug|Any CPU.ActiveCfg = Debug|Any CPU
		{B81D8050-692C-4C98-B9A9-CAE77BDDC7F8}.Debug|Any CPU.Build.0 = Debug|Any CPU
		{B81D8050-692C-4C98-B9A9-CAE77BDDC7F8}.Release|Any CPU.ActiveCfg = Release|Any CPU
		{B81D8050-692C-4C98-B9A9-CAE77BDDC7F8}.Release|Any CPU.Build.0 = Release|Any CPU
		{BA5348DB-0168-49C4-9C4C-A521BE40FD86}.Debug|Any CPU.ActiveCfg = Debug|Any CPU
		{BA5348DB-0168-49C4-9C4C-A521BE40FD86}.Debug|Any CPU.Build.0 = Debug|Any CPU
		{BA5348DB-0168-49C4-9C4C-A521BE40FD86}.Release|Any CPU.ActiveCfg = Release|Any CPU
		{BA5348DB-0168-49C4-9C4C-A521BE40FD86}.Release|Any CPU.Build.0 = Release|Any CPU
		{21C086FA-A5B5-4E71-9E85-70975FDE4A7E}.Debug|Any CPU.ActiveCfg = Debug|Any CPU
		{21C086FA-A5B5-4E71-9E85-70975FDE4A7E}.Debug|Any CPU.Build.0 = Debug|Any CPU
		{21C086FA-A5B5-4E71-9E85-70975FDE4A7E}.Release|Any CPU.ActiveCfg = Release|Any CPU
		{21C086FA-A5B5-4E71-9E85-70975FDE4A7E}.Release|Any CPU.Build.0 = Release|Any CPU
	EndGlobalSection
	GlobalSection(SolutionProperties) = preSolution
		HideSolutionNode = FALSE
	EndGlobalSection
	GlobalSection(NestedProjects) = preSolution
		{B81D8050-692C-4C98-B9A9-CAE77BDDC7F8} = {4B5C792D-F130-4014-89A2-C174D90F89D9}
		{BA5348DB-0168-49C4-9C4C-A521BE40FD86} = {4B5C792D-F130-4014-89A2-C174D90F89D9}
		{21C086FA-A5B5-4E71-9E85-70975FDE4A7E} = {3D5274C4-EA99-41E2-81C0-8859CCFFA77E}
	EndGlobalSection
	GlobalSection(ExtensibilityGlobals) = postSolution
		SolutionGuid = {9F286260-01AB-4F05-BF4E-3B3F41338CB8}
	EndGlobalSection
EndGlobal
