
Microsoft Visual Studio Solution File, Format Version 12.00
# Visual Studio 15
VisualStudioVersion = 15.0.28010.2036
MinimumVisualStudioVersion = 10.0.40219.1
Project("{FAE04EC0-301F-11D3-BF4B-00C04F79EFBC}") = "Bootloader", "VirtualSpaceBoi\Bootloader.csproj", "{66643F22-8E04-463E-AD1A-6782A3E3FC5C}"
	ProjectSection(ProjectDependencies) = postProject
		{FEE09D4E-2624-4452-A59A-5A2EA0B8A0C2} = {FEE09D4E-2624-4452-A59A-5A2EA0B8A0C2}
	EndProjectSection
EndProject
Project("{FAE04EC0-301F-11D3-BF4B-00C04F79EFBC}") = "Kernel", "Kernel\Kernel.csproj", "{FEE09D4E-2624-4452-A59A-5A2EA0B8A0C2}"
EndProject
Project("{FAE04EC0-301F-11D3-BF4B-00C04F79EFBC}") = "Contract", "Contract\Contract.csproj", "{036C12AF-8FA1-4068-BD75-6EAA14A560F8}"
EndProject
Global
	GlobalSection(SolutionConfigurationPlatforms) = preSolution
		Debug|Any CPU = Debug|Any CPU
		Release|Any CPU = Release|Any CPU
	EndGlobalSection
	GlobalSection(ProjectConfigurationPlatforms) = postSolution
		{66643F22-8E04-463E-AD1A-6782A3E3FC5C}.Debug|Any CPU.ActiveCfg = Debug|Any CPU
		{66643F22-8E04-463E-AD1A-6782A3E3FC5C}.Debug|Any CPU.Build.0 = Debug|Any CPU
		{66643F22-8E04-463E-AD1A-6782A3E3FC5C}.Release|Any CPU.ActiveCfg = Release|Any CPU
		{66643F22-8E04-463E-AD1A-6782A3E3FC5C}.Release|Any CPU.Build.0 = Release|Any CPU
		{FEE09D4E-2624-4452-A59A-5A2EA0B8A0C2}.Debug|Any CPU.ActiveCfg = Debug|Any CPU
		{FEE09D4E-2624-4452-A59A-5A2EA0B8A0C2}.Debug|Any CPU.Build.0 = Debug|Any CPU
		{FEE09D4E-2624-4452-A59A-5A2EA0B8A0C2}.Release|Any CPU.ActiveCfg = Release|Any CPU
		{FEE09D4E-2624-4452-A59A-5A2EA0B8A0C2}.Release|Any CPU.Build.0 = Release|Any CPU
		{036C12AF-8FA1-4068-BD75-6EAA14A560F8}.Debug|Any CPU.ActiveCfg = Debug|Any CPU
		{036C12AF-8FA1-4068-BD75-6EAA14A560F8}.Debug|Any CPU.Build.0 = Debug|Any CPU
		{036C12AF-8FA1-4068-BD75-6EAA14A560F8}.Release|Any CPU.ActiveCfg = Release|Any CPU
		{036C12AF-8FA1-4068-BD75-6EAA14A560F8}.Release|Any CPU.Build.0 = Release|Any CPU
	EndGlobalSection
	GlobalSection(SolutionProperties) = preSolution
		HideSolutionNode = FALSE
	EndGlobalSection
	GlobalSection(ExtensibilityGlobals) = postSolution
		SolutionGuid = {9F286260-01AB-4F05-BF4E-3B3F41338CB8}
	EndGlobalSection
EndGlobal
